{
  "name": "orario-intelligente",
  "version": "0.0.0",
  "lockfileVersion": 3,
  "requires": true,
  "packages": {
    "": {
      "name": "orario-intelligente",
      "version": "0.0.0",
      "type": "module",
      "dependencies": {
        "@google/genai": "^1.28.0",
        "@vercel/postgres": "^0.10.0",
        "cookie": "^0.6.0",
        "formidable": "^3.5.1",
        "react": "^19.2.0",
        "react-dom": "^19.2.0"
      },
      "devDependencies": {
        "@types/cookie": "^0.6.0",
        "@types/formidable": "^3.4.5",
        "@types/react": "^18.2.66",
        "@types/react-dom": "^18.2.22",
        "esbuild": "^0.23.0",
        "typescript": "^5.2.2"
      }
    },
    "node_modules/@esbuild/android-arm": {
      "version": "0.23.0",
      "resolved": "https://registry.npmjs.org/@esbuild/android-arm/-/android-arm-0.23.0.tgz",
      "integrity": "sha512-4s8Sqn9aX9b4Y1eR7rTfYvsi+H1y7ooO2HoCTI9Naq/d4lUY/D7a3vM4y3qL1SjSZD3t1r132P2JzEVf2P4h1g==",
      "cpu": [
        "arm"
      ],
      "dev": true,
      "optional": true,
      "os": [
        "android"
      ],
      "engines": {
        "node": ">=12"
      }
    },
    "node_modules/@esbuild/android-arm64": {
      "version": "0.23.0",
      "resolved": "https://registry.npmjs.org/@esbuild/android-arm64/-/android-arm64-0.23.0.tgz",
      "integrity": "sha512-Y3U4GZ0+4m3pW7F/gP+7nsd72fV+kR81Xp0yVjsU0cVRvo4H0fU4oB05FGYgyUKK9a/rLd7a+f33I0S93yPqLg==",
      "cpu": [
        "arm64"
      ],
      "dev": true,
      "optional": true,
      "os": [
        "android"
      ],
      "engines": {
        "node": ">=12"
      }
    },
    "node_modules/@esbuild/android-x64": {
      "version": "0.23.0",
      "resolved": "https://registry.npmjs.org/@esbuild/android-x64/-/android-x64-0.23.0.tgz",
      "integrity": "sha512-dG3pWp5y5K4fK1wGkRGFj6UACH+XbW0pXvqq7M1/sYqXpQo4s7AnH0kZp3p2Iu4rY1Y2L5Jz5/fC9tO+t3T9yw==",
      "cpu": [
        "x64"
      ],
      "dev": true,
      "optional": true,
      "os": [
        "android"
      ],
      "engines": {
        "node": ">=12"
      }
    },
    "node_modules/@esbuild/darwin-arm64": {
      "version": "0.23.0",
      "resolved": "https://registry.npmjs.org/@esbuild/darwin-arm64/-/darwin-arm64-0.23.0.tgz",
      "integrity": "sha512-kQ4DvyC5LzB3T4Zf5TzH5S41h+K3XkS2xT0kQXy3eZz82h2H6ReaBDi32S1n8cR7is2dCunC7a1b41p2w80o8g==",
      "cpu": [
        "arm64"
      ],
      "dev": true,
      "optional": true,
      "os": [
        "darwin"
      ],
      "engines": {
        "node": ">=12"
      }
    },
    "node_modules/@esbuild/darwin-x64": {
      "version": "0.23.0",
      "resolved": "https://registry.npmjs.org/@esbuild/darwin-x64/-/darwin-x64-0.23.0.tgz",
      "integrity": "sha512-h8s0JgnT6bBbm/v8La3oXb8Z52xQ9s2Iq6O6e/O2pIKg24vV3Y2nI5E21w8n0s8z3V82P1k9c+l8/NffNn7/Q==",
      "cpu": [
        "x64"
      ],
      "dev": true,
      "optional": true,
      "os": [
        "darwin"
      ],
      "engines": {
        "node": ">=12"
      }
    },
    "node_modules/@esbuild/freebsd-arm64": {
      "version": "0.23.0",
      "resolved": "https://registry.npmjs.org/@esbuild/freebsd-arm64/-/freebsd-arm64-0.23.0.tgz",
      "integrity": "sha512-n36A8NnNGr3AweW22nE4c9H4qX3cW+K3g9Fhqo9nB8uT3O8I6f79n9s8Ie1K4mD5dY7h3x/cQ+PPDzBw7F0IJA==",
      "cpu": [
        "arm64"
      ],
      "dev": true,
      "optional": true,
      "os": [
        "freebsd"
      ],
      "engines": {
        "node": ">=12"
      }
    },
    "node_modules/@esbuild/freebsd-x64": {
      "version": "0.23.0",
      "resolved": "https://registry.npmjs.org/@esbuild/freebsd-x64/-/freebsd-x64-0.23.0.tgz",
      "integrity": "sha512-WkGzVn31QZ2t8462sY5+qL4a1a7sF/w4A9d0M+Bq1zK18yB2Hh1P9i/7Tf8Fsb4s35O6YnB1J/fF1E07n+MTA==",
      "cpu": [
        "x64"
      ],
      "dev": true,
      "optional": true,
      "os": [
        "freebsd"
      ],
      "engines": {
        "node": ">=12"
      }
    },
    "node_modules/@esbuild/linux-arm": {
      "version": "0.23.0",
      "resolved": "https://registry.npmjs.org/@esbuild/linux-arm/-/linux-arm-0.23.0.tgz",
      "integrity": "sha512-T7QpB+nIeJ60RUkA2e30j2Y6nKKkYWB+xPno+j32BzvUcbkM4JOK+L0b8j83M/Z9b0vQkU0gNf5z23tQmcgLqg==",
      "cpu": [
        "arm"
      ],
      "dev": true,
      "optional": true,
      "os": [
        "linux"
      ],
      "engines": {
        "node": ">=12"
      }
    },
    "node_modules/@esbuild/linux-arm64": {
      "version": "0.23.0",
      "resolved": "https://registry.npmjs.org/@esbuild/linux-arm64/-/linux-arm64-0.23.0.tgz",
      "integrity": "sha512-z7YqQh9nUwtO4U7F+aCWHWpeYfKk4KjZlP+tW2TdQnZgFEoVdZfM1IqIeR2iBYM++kYy/7Q8d/SBDbQ13jIraw==",
      "cpu": [
        "arm64"
      ],
      "dev": true,
      "optional": true,
      "os": [
        "linux"
      ],
      "engines": {
        "node": ">=12"
      }
    },
    "node_modules/@esbuild/linux-ia32": {
      "version": "0.23.0",
      "resolved": "https://registry.npmjs.org/@esbuild/linux-ia32/-/linux-ia32-0.23.0.tgz",
      "integrity": "sha512-z8t/O2kC4a0kE9O4T0R3gU2r7iF7l1iP8pDqQG5u+bJ/oU3BfS10D0/2h5GzFwF/eYlI4F2o4yT46bT7L3Xw==",
      "cpu": [
        "ia32"
      ],
      "dev": true,
      "optional": true,
      "os": [
        "linux"
      ],
      "engines": {
        "node": ">=12"
      }
    },
    "node_modules/@esbuild/linux-loong64": {
      "version": "0.23.0",
      "resolved": "https://registry.npmjs.org/@esbuild/linux-loong64/-/linux-loong64-0.23.0.tgz",
      "integrity": "sha512-1Vb+wUj9Y34gH2K1rQ6w16kKzF6R6kMaq5F5JgC/YV0fWqdR+5eQYJ3G+hXG3b6Iu++1a0b3+uFv9f7tL/bOog==",
      "cpu": [
        "loong64"
      ],
      "dev": true,
      "optional": true,
      "os": [
        "linux"
      ],
      "engines": {
        "node": ">=12"
      }
    },
    "node_modules/@esbuild/linux-mips64el": {
      "version": "0.23.0",
      "resolved": "https://registry.npmjs.org/@esbuild/linux-mips64el/-/linux-mips64el-0.23.0.tgz",
      "integrity": "sha512-VnS+o9A3yH2r+0yqB1R5Lw16VbT048Wd3iH+YwK3M9TfdPBJ2r5rN5bWchI4HkRyrT4C/wEaTzJq/vC23377rQ==",
      "cpu": [
        "mips64el"
      ],
      "dev": true,
      "optional": true,
      "os": [
        "linux"
      ],
      "engines": {
        "node": ">=12"
      }
    },
    "node_modules/@esbuild/linux-ppc64": {
      "version": "0.23.0",
      "resolved": "https://registry.npmjs.org/@esbuild/linux-ppc64/-/linux-ppc64-0.23.0.tgz",
      "integrity": "sha512-B6x5d7QyS5VpQjL/aB+J4pm88wOSg7J5x0G/bUtM5qGgO+MhIHKuFxZn/WCTIfr1t4C7vF22UePZ6i5sKkP5Lw==",
      "cpu": [
        "ppc64"
      ],
      "dev": true,
      "optional": true,
      "os": [
        "linux"
      ],
      "engines": {
        "node": ">=12"
      }
    },
    "node_modules/@esbuild/linux-riscv64": {
      "version": "0.23.0",
      "resolved": "https://registry.npmjs.org/@esbuild/linux-riscv64/-/linux-riscv64-0.23.0.tgz",
      "integrity": "sha512-M/ePmrC2jGCAw4Kj7c++W73D5u3i/O1m/uO3hJ1PSp5+vKQK5PzVj3n0x0Ie4Jyr2uXgB+VlT/oAeoYJtB4LRA==",
      "cpu": [
        "riscv64"
      ],
      "dev": true,
      "optional": true,
      "os": [
        "linux"
      ],
      "engines": {
        "node": ">=12"
      }
    },
    "node_modules/@esbuild/linux-s390x": {
      "version": "0.23.0",
      "resolved": "https://registry.npmjs.org/@esbuild/linux-s390x/-/linux-s390x-0.23.0.tgz",
      "integrity": "sha512-eJ0G32YjC3w1vL8FfP9p7oXh+FhLzTgyA6L5jHwOAhZtqgGHeOqWMTqT4O5TqA+n30mU/rD4yN+l/9h00K8uWw==",
      "cpu": [
        "s390x"
      ],
      "dev": true,
      "optional": true,
      "os": [
        "linux"
      ],
      "engines": {
        "node": ">=12"
      }
    },
    "node_modules/@esbuild/linux-x64": {
      "version": "0.23.0",
      "resolved": "https://registry.npmjs.org/@esbuild/linux-x64/-/linux-x64-0.23.0.tgz",
      "integrity": "sha512-0Nq4T29TMa4tMMcKCuSpDdsJdC+Iwep4GDBxYl1y0G5su7QYpP2m1iRlH73D4Lyp2vDGkS2Wn2v4Iaj7hA/q0g==",
      "cpu": [
        "x64"
      ],
      "dev": true,
      "optional": true,
      "os": [
        "linux"
      ],
      "engines": {
        "node": ">=12"
      }
    },
    "node_modules/@esbuild/netbsd-x64": {
      "version": "0.23.0",
      "resolved": "https://registry.npmjs.org/@esbuild/netbsd-x64/-/netbsd-x64-0.23.0.tgz",
      "integrity": "sha512-v4K8J34gUqUGs33k1V0xmMvBqWqD2a/2x/36O0BKhZ3tF199S7RtmKSCpA2Qd1Rk1q9X9Y4t+P+hM9b4nF496g==",
      "cpu": [
        "x64"
      ],
      "dev": true,
      "optional": true,
      "os": [
        "netbsd"
      ],
      "engines": {
        "node": ">=12"
      }
    },
    "node_modules/@esbuild/openbsd-x64": {
      "version": "0.23.0",
      "resolved": "https://registry.npmjs.org/@esbuild/openbsd-x64/-/openbsd-x64-0.23.0.tgz",
      "integrity": "sha512-t08Tq2u1+VpG9C9xS+4e35iM29G5gVPR+uV6t8fC3Wd+B3cO3fVp3N2N5n4M4/iXqK+Lq+wNn/2v3i4t5p3vA==",
      "cpu": [
        "x64"
      ],
      "dev": true,
      "optional": true,
      "os": [
        "openbsd"
      ],
      "engines": {
        "node": ">=12"
      }
    },
    "node_modules/@esbuild/sunos-x64": {
      "version": "0.23.0",
      "resolved": "https://registry.npmjs.org/@esbuild/sunos-x64/-/sunos-x64-0.23.0.tgz",
      "integrity": "sha512-v9sT3l8X6U0qA6+YxQ70eSj0A+m35kS4Pq0t9k2dG/VshH0uTNNxV5fW0Jj8aY8w/0+wA6/t/c5z8wH7i5I5A==",
      "cpu": [
        "x64"
      ],
      "dev": true,
      "optional": true,
      "os": [
        "sunos"
      ],
      "engines": {
        "node": ">=12"
      }
    },
    "node_modules/@esbuild/win32-arm64": {
      "version": "0.23.0",
      "resolved": "https://registry.npmjs.org/@esbuild/win32-arm64/-/win32-arm64-0.23.0.tgz",
      "integrity": "sha512-T7CjQ/119KxbQ3u1uD/K0a4cO235q74DCSg0aKucT8ATbSb0K+G2pM747T2jytBv2x0+3u/hR8Uo92nplwW69w==",
      "cpu": [
        "arm64"
      ],
      "dev": true,
      "optional": true,
      "os": [
        "win32"
      ],
      "engines": {
        "node": ">=12"
      }
    },
    "node_modules/@esbuild/win32-ia32": {
      "version": "0.23.0",
      "resolved": "https://registry.npmjs.org/@esbuild/win32-ia32/-/win32-ia32-0.23.0.tgz",
      "integrity": "sha512-k1Kj9Q3yTqV3Xv/N9kK7kCFYQHa/Z8q882X3yV3e5lUSh6X9jK1J6+CV3F2+o9+e2l0jB2m/n1/2bSg09Pvybg==",
      "cpu": [
        "ia32"
      ],
      "dev": true,
      "optional": true,
      "os": [
        "win32"
      ],
      "engines": {
        "node": ">=12"
      }
    },
    "node_modules/@esbuild/win32-x64": {
      "version": "0.23.0",
      "resolved": "https://registry.npmjs.org/@esbuild/win32-x64/-/win32-x64-0.23.0.tgz",
      "integrity": "sha512-iNfdrde2T8G2E7m++g3z5p9fR0emxG2uVaxb2/i0dKk2J4uQG2aBF+6s49iE2e1f+LNxacKAYnJXD9rYxPzYg==",
      "cpu": [
        "x64"
      ],
      "dev": true,
      "optional": true,
      "os": [
        "win32"
      ],
      "engines": {
        "node": ">=12"
      }
    },
    "node_modules/@google/genai": {
      "version": "1.28.0",
      "resolved": "https://registry.npmjs.org/@google/genai/-/genai-1.28.0.tgz",
      "integrity": "sha512-+s2O2xM/p2Vv1Fq6YxW+l9jE3L8g7iA5VbWlA5U8+nI+vBvY1kPqU0bE8ncz0TfJ5W2y255q8F/N+Bf41w==",
      "engines": {
        "node": ">=18.0.0"
      }
    },
    "node_modules/@types/cookie": {
      "version": "0.6.0",
      "resolved": "https://registry.npmjs.org/@types/cookie/-/cookie-0.6.0.tgz",
      "integrity": "sha512-b1y2EaF/NQ2459N/0LLEeT4ooc2s2x33zs5G0/MM0g2uOSkRkF/22TqV2sYpS3k4mg7zSA3II1rEa3QdQhVbLw==",
      "dev": true
    },
    "node_modules/@types/formidable": {
      "version": "3.4.5",
      "resolved": "https://registry.npmjs.org/@types/formidable/-/formidable-3.4.5.tgz",
      "integrity": "sha512-c23V3TgzpU2HSl7v2S5e921d7rz0QvM4TlyuDk2fX+9Q6x1sF5+Jbvs/hwef9+g2B/Vd/n2pS/uC9s42hQpC+A==",
      "dev": true,
      "dependencies": {
        "@types/node": "*"
      }
    },
    "node_modules/@types/node": {
      "version": "20.14.9",
      "resolved": "https://registry.npmjs.org/@types/node/-/node-20.14.9.tgz",
      "integrity": "sha512-06OCtnRE3Z1+Sr2g9+ulHj+9O2u5B2d/I3UG+/vIel4C22Fkgnr18D64I53LpLgVte3H2XEdj+426N5s2GF82w==",
      "dev": true,
      "dependencies": {
        "undici-types": "~5.26.4"
      }
    },
    "node_modules/@types/prop-types": {
      "version": "15.7.12",
      "resolved": "https://registry.npmjs.org/@types/prop-types/-/prop-types-15.7.12.tgz",
      "integrity": "sha512-5zvhXYS3icfNlvmqgT2yCDj24B5E2L51sw9k3k/4xAQlD2l2A9T3g3wH+4Pddsf3s6XpwEse+L9mI7fWwi9D2A==",
      "dev": true
    },
    "node_modules/@types/react": {
      "version": "18.2.66",
      "resolved": "https://registry.npmjs.org/@types/react/-/react-18.2.66.tgz",
      "integrity": "sha512-3z39339yD24I29MLK6U/4I22cI2fJ+PsTFT3MI9XgK6jC12pG3vFYeI2Gq02hP/Uo2e4FjC5k+r2YIe7Jc9w3w==",
      "dev": true,
      "dependencies": {
        "@types/prop-types": "*",
        "csstype": "^3.0.2"
      }
    },
    "node_modules/@types/react-dom": {
      "version": "18.2.22",
      "resolved": "https://registry.npmjs.org/@types/react-dom/-/react-dom-18.2.22.tgz",
      "integrity": "sha512-f4Y12J1F8sLd7RTF2QCCi7j66n3Bvh69/q2eYmn3q1j3z74z34x66s2e6smmwEL1z6jsU08n2l2/zP0LdRkdaQ==",
      "dev": true,
      "dependencies": {
        "@types/react": "*"
      }
    },
    "node_modules/@vercel/postgres": {
      "version": "0.10.0",
      "resolved": "https://registry.npmjs.org/@vercel/postgres/-/postgres-0.10.0.tgz",
      "integrity": "sha512-Y3U4GZ0+4m3pW7F/gP+7nsd72fV+kR81Xp0yVjsU0cVRvo4H0fU4oB05FGYgyUKK9a/rLd7a+f33I0S93yPqLg==",
      "dependencies": {
        "postgres": "3.4.4"
      }
    },
    "node_modules/cookie": {
      "version": "0.6.0",
      "resolved": "https://registry.npmjs.org/cookie/-/cookie-0.6.0.tgz",
      "integrity": "sha512-RTa6J8X/C6PFKL3y3Q32h32b35AkgtK0oX27gM2v2iYqAB12i2O29oYQck9CL7s5MnoNn22ge73tX4sD/3gWow==",
      "engines": {
        "node": ">= 0.6"
      }
    },
    "node_modules/csstype": {
      "version": "3.1.3",
      "resolved": "https://registry.npmjs.org/csstype/-/csstype-3.1.3.tgz",
      "integrity": "sha512-M1uQkMl8r3FEe07vSzHnpODD1T3sNqEnC8QJma5a42wd8pCIv9SbdFG3zIzXcu2LOD6+u+sXpXp/F6XD3S9keg==",
      "dev": true
    },
    "node_modules/esbuild": {
      "version": "0.23.0",
      "resolved": "https://registry.npmjs.org/esbuild/-/esbuild-0.23.0.tgz",
      "integrity": "sha512-c2Vis2N3zT1S6p42h+G4DzbqWf2355l0oF2T6b2nJhoL6Y25r9yG6iP4zEIM/IJeTts3xXyZYoICqB2T+r95tg==",
      "dev": true,
      "hasInstallScript": true,
      "bin": {
        "esbuild": "bin/esbuild"
      },
      "engines": {
        "node": ">=12"
      },
      "optionalDependencies": {
        "@esbuild/android-arm": "0.23.0",
        "@esbuild/android-arm64": "0.23.0",
        "@esbuild/android-x64": "0.23.0",
        "@esbuild/darwin-arm64": "0.23.0",
        "@esbuild/darwin-x64": "0.23.0",
        "@esbuild/freebsd-arm64": "0.23.0",
        "@esbuild/freebsd-x64": "0.23.0",
        "@esbuild/linux-arm": "0.23.0",
        "@esbuild/linux-arm64": "0.23.0",
        "@esbuild/linux-ia32": "0.23.0",
        "@esbuild/linux-loong64": "0.23.0",
        "@esbuild/linux-mips64el": "0.23.0",
        "@esbuild/linux-ppc64": "0.23.0",
        "@esbuild/linux-riscv64": "0.23.0",
        "@esbuild/linux-s390x": "0.23.0",
        "@esbuild/linux-x64": "0.23.0",
        "@esbuild/netbsd-x64": "0.23.0",
        "@esbuild/openbsd-x64": "0.23.0",
        "@esbuild/sunos-x64": "0.23.0",
        "@esbuild/win32-arm64": "0.23.0",
        "@esbuild/win32-ia32": "0.23.0",
        "@esbuild/win32-x64": "0.23.0"
      }
    },
    "node_modules/formidable": {
      "version": "3.5.1",
      "resolved": "https://registry.npmjs.org/formidable/-/formidable-3.5.1.tgz",
      "integrity": "sha512-pNAi4I2DpcF22B/Olo2a3gOi21i8mFRi1/B4P4nZRd2Uv+fT/7T8nGBo2Y9Q3u2w2agLpQdEV+pA5E5gcs3n7g==",
      "dependencies": {
        "dezalgo": "^1.0.4",
        "hexoid": "^1.0.0",
        "once": "^1.4.0"
      },
      "engines": {
        "node": ">=10.0.0"
      }
    },
    "node_modules/formidable/node_modules/dezalgo": {
      "version": "1.0.4",
      "resolved": "https://registry.npmjs.org/dezalgo/-/dezalgo-1.0.4.tgz",
      "integrity": "sha512-r7C0ZXd4gsb9L6f/nsS4Z8O81+i4gQe7sOEtaYg94mDLSj/+G2/fX1f83ZOlX6FkQ8pZ2/mbmLU2f5aWCeVp6w==",
      "dependencies": {
        "asap": "^2.0.0",
        "wrappy": "1"
      }
    },
    "node_modules/formidable/node_modules/dezalgo/node_modules/asap": {
      "version": "2.0.6",
      "resolved": "https://registry.npmjs.org/asap/-/asap-2.0.6.tgz",
      "integrity": "sha512-BSsfwe2B+uxsYc/uCAIFwAAMvD1M3Fe8x3G20sT4A12k/2bI2L2sV2eR7yQCEe7OKo06/1w4v9u32Tiu2m2QMA=="
    },
    "node_modules/formidable/node_modules/dezalgo/node_modules/wrappy": {
      "version": "1.0.2",
      "resolved": "https://registry.npmjs.org/wrappy/-/wrappy-1.0.2.tgz",
      "integrity": "sha512-l4Sp/DRseor9wLf+ypDR+bO91dNLo3s62z5M54M6wAn5+pRYa0w6L//m7D/YBC9IqtO3D/KIFDABgQ4B282P2Q=="
    },
    "node_modules/formidable/node_modules/hexoid": {
      "version": "1.0.0",
      "resolved": "https://registry.npmjs.org/hexoid/-/hexoid-1.0.0.tgz",
      "integrity": "sha512-QFLV0Zdif0Xif1Ilo3Dla8i8wluK1eO74d47J2pA2Uu43v1bCjGfICX/2c2b3hzGl3rxoh2pY6BpjxP+9r5YTw==",
      "engines": {
        "node": ">=8"
      }
    },
    "node_modules/formidable/node_modules/once": {
      "version": "1.4.0",
      "resolved": "https://registry.npmjs.org/once/-/once-1.4.0.tgz",
      "integrity": "sha512-lNaJgI+2Q5URmL/VpPyb+LjtS+v5M74S2Qx49sTf/xI8/vr+I3E1FHX2+yEw8LgvE8vIMKz+v20iNqVLtlT5xw==",
      "dependencies": {
        "wrappy": "1"
      }
    },
    "node_modules/formidable/node_modules/once/node_modules/wrappy": {
      "version": "1.0.2",
      "resolved": "https://registry.npmjs.org/wrappy/-/wrappy-1.0.2.tgz",
      "integrity": "sha512-l4Sp/DRseor9wLf+ypDR+bO91dNLo3s62z5M54M6wAn5+pRYa0w6L//m7D/YBC9IqtO3D/KIFDABgQ4B282P2Q=="
    },
    "node_modules/loose-envify": {
      "version": "1.4.0",
      "resolved": "https://registry.npmjs.org/loose-envify/-/loose-envify-1.4.0.tgz",
      "integrity": "sha512-lyuxPGr/Wfhrlem2CL/UcnUc1zcqKA3S4yHYAlVBEIlTpdxDGECLfN8erh35mHY90ifYYPXKi1PMagNbA6rEVA==",
      "dependencies": {
        "js-tokens": "^3.0.0 || ^4.0.0"
      },
      "bin": {
        "loose-envify": "cli.js"
      }
    },
    "node_modules/postgres": {
      "version": "3.4.4",
      "resolved": "https://registry.npmjs.org/postgres/-/postgres-3.4.4.tgz",
      "integrity": "sha512-3FrfUU+1t5OJTi2uP8d12VjNut1/21i7uV0ot6i8Pl/59A3t90NNbKwl1188i22xAb2/3+e/j2wV2GDbB+g3rA==",
      "engines": {
        "node": ">=14"
      }
    },
    "node_modules/react": {
      "version": "19.2.0",
      "resolved": "https://registry.npmjs.org/react/-/react-19.2.0.tgz",
      "integrity": "sha512-i2uXavp2zRuzDddw7yvS980yH1/7q41egk2QkJVNcA3lB4Gk9y1t4weQ0/y02oVnJ8Xzaa4aY9d6bjg1C1m1fg==",
      "dependencies": {
        "loose-envify": "^1.1.0"
      },
      "engines": {
        "node": ">=18.17.0"
      },
      "peerDependencies": {
        "typescript": "^5.0.0"
      },
      "peerDependenciesMeta": {
        "typescript": {
          "optional": true
        }
      }
    },
    "node_modules/react-dom": {
      "version": "19.2.0",
      "resolved": "https://registry.npmjs.org/react-dom/-/react-dom-19.2.0.tgz",
      "integrity": "sha512-581F+vKgA++QoB21w0Rk2N2vCHCWyTscXhMpOvU8tQqjqrYdE50qVSDyQ2G2o4TqfFf0PkOq3+o+k4j/r/v2cQ==",
      "dependencies": {
        "loose-envify": "^1.1.0",
        "scheduler": "^0.24.0"
      },
      "peerDependencies": {
        "react": "^19.2.0"
      }
    },
    "node_modules/react-dom/node_modules/js-tokens": {
      "version": "4.0.0",
      "resolved": "https://registry.npmjs.org/js-tokens/-/js-tokens-4.0.0.tgz",
      "integrity": "sha512-RdJUflcE3cUzKiMqQgsCu06FPu9UdIJO0beYbPhHN4k6apgJtifcoCtT9bcxOpYBtpD2kCM6Sbzg4CausW/PKQ=="
    },
    "node_modules/scheduler": {
      "version": "0.24.0",
      "resolved": "https://registry.npmjs.org/scheduler/-/scheduler-0.24.0.tgz",
      "integrity": "sha512-iL6geEnBfDCz21KqgWpiA45+pT4i4vA0T/24g5g2eLd3T3vD2G2Jz/1eT2YgchdDBUoU7n6/M9S+dY4P7L32g==",
      "dependencies": {
        "loose-envify": "^1.1.0"
      }
    },
    "node_modules/scheduler/node_modules/js-tokens": {
      "version": "4.0.0",
      "resolved": "https://registry.npmjs.org/js-tokens/-/js-tokens-4.0.0.tgz",
      "integrity": "sha512-RdJUflcE3cUzKiMqQgsCu06FPu9UdIJO0beYbPhHN4k6apgJtifcoCtT9bcxOpYBtpD2kCM6Sbzg4CausW/PKQ=="
    },
    "node_modules/typescript": {
      "version": "5.2.2",
      "resolved": "https://registry.npmjs.org/typescript/-/typescript-5.2.2.tgz",
      "integrity": "sha512-mI4WrpHsbCIcwT9cF4FvrAmncbJafOeHovyPDFg6sLs50lctNs4KzBPUwOD+t7Wcg0SF1Tx5TCFKO7qGTxlbkg==",
      "dev": true,
      "bin": {
        "tsc": "bin/tsc",
        "tsserver": "bin/tsserver"
      },
      "engines": {
        "node": ">=14.17"
      }
    },
    "node_modules/undici-types": {
      "version": "5.26.5",
      "resolved": "https://registry.npmjs.org/undici-types/-/undici-types-5.26.5.tgz",
      "integrity": "sha512-JlCMO+ehdEIKqlFxk6IfVoAUVmgz7cU7zD/h9XZ0qzeosSHmUJVOzSQvvYSYWXkFXC+IfLKSIffhv0sVZup6pA==",
      "dev": true
    }
  }
}
